// !$*UTF8*$!
{
	archiveVersion = 1;
	classes = {
	};
	objectVersion = 56;
	objects = {

/* Begin PBXBuildFile section */
		AF10B3022BC1187D001AFDF7 /* LoginViewController_DelegatePattern.swift in Sources */ = {isa = PBXBuildFile; fileRef = AF10B3012BC1187D001AFDF7 /* LoginViewController_DelegatePattern.swift */; };
		AF10B3042BC11889001AFDF7 /* WelcomeViewController_DelegatePattern.swift in Sources */ = {isa = PBXBuildFile; fileRef = AF10B3032BC11889001AFDF7 /* WelcomeViewController_DelegatePattern.swift */; };
		AF10B3062BC11AF0001AFDF7 /* LoginViewController_Closure.swift in Sources */ = {isa = PBXBuildFile; fileRef = AF10B3052BC11AF0001AFDF7 /* LoginViewController_Closure.swift */; };
		AF10B3082BC11AF8001AFDF7 /* WelcomeViewController_Closure.swift in Sources */ = {isa = PBXBuildFile; fileRef = AF10B3072BC11AF8001AFDF7 /* WelcomeViewController_Closure.swift */; };
		AF10B30B2BC12578001AFDF7 /* SnapKit in Frameworks */ = {isa = PBXBuildFile; productRef = AF10B30A2BC12578001AFDF7 /* SnapKit */; };
		AF10B30D2BC12578001AFDF7 /* SnapKit-Dynamic in Frameworks */ = {isa = PBXBuildFile; productRef = AF10B30C2BC12578001AFDF7 /* SnapKit-Dynamic */; };
		AF10B30F2BC1317D001AFDF7 /* ScrollViewPractice.swift in Sources */ = {isa = PBXBuildFile; fileRef = AF10B30E2BC1317D001AFDF7 /* ScrollViewPractice.swift */; };
		AF2630172BB7D71200C9FB24 /* AppDelegate.swift in Sources */ = {isa = PBXBuildFile; fileRef = AF2630162BB7D71200C9FB24 /* AppDelegate.swift */; };
		AF2630192BB7D71200C9FB24 /* SceneDelegate.swift in Sources */ = {isa = PBXBuildFile; fileRef = AF2630182BB7D71200C9FB24 /* SceneDelegate.swift */; };
		AF26301E2BB7D71200C9FB24 /* Main.storyboard in Resources */ = {isa = PBXBuildFile; fileRef = AF26301C2BB7D71200C9FB24 /* Main.storyboard */; };
		AF2630202BB7D71400C9FB24 /* Assets.xcassets in Resources */ = {isa = PBXBuildFile; fileRef = AF26301F2BB7D71400C9FB24 /* Assets.xcassets */; };
		AF2630232BB7D71400C9FB24 /* LaunchScreen.storyboard in Resources */ = {isa = PBXBuildFile; fileRef = AF2630212BB7D71400C9FB24 /* LaunchScreen.storyboard */; };
		AF26302E2BB7E49000C9FB24 /* LoginViewController.swift in Sources */ = {isa = PBXBuildFile; fileRef = AF26302D2BB7E49000C9FB24 /* LoginViewController.swift */; };
		AF2630302BB7E92000C9FB24 /* WelcomeViewController.swift in Sources */ = {isa = PBXBuildFile; fileRef = AF26302F2BB7E92000C9FB24 /* WelcomeViewController.swift */; };
/* End PBXBuildFile section */

/* Begin PBXFileReference section */
		AF10B3012BC1187D001AFDF7 /* LoginViewController_DelegatePattern.swift */ = {isa = PBXFileReference; lastKnownFileType = sourcecode.swift; path = LoginViewController_DelegatePattern.swift; sourceTree = "<group>"; };
		AF10B3032BC11889001AFDF7 /* WelcomeViewController_DelegatePattern.swift */ = {isa = PBXFileReference; lastKnownFileType = sourcecode.swift; path = WelcomeViewController_DelegatePattern.swift; sourceTree = "<group>"; };
		AF10B3052BC11AF0001AFDF7 /* LoginViewController_Closure.swift */ = {isa = PBXFileReference; lastKnownFileType = sourcecode.swift; path = LoginViewController_Closure.swift; sourceTree = "<group>"; };
		AF10B3072BC11AF8001AFDF7 /* WelcomeViewController_Closure.swift */ = {isa = PBXFileReference; lastKnownFileType = sourcecode.swift; path = WelcomeViewController_Closure.swift; sourceTree = "<group>"; };
		AF10B30E2BC1317D001AFDF7 /* ScrollViewPractice.swift */ = {isa = PBXFileReference; lastKnownFileType = sourcecode.swift; path = ScrollViewPractice.swift; sourceTree = "<group>"; };
		AF2630132BB7D71200C9FB24 /* 34th-Sopt-Seminar.app */ = {isa = PBXFileReference; explicitFileType = wrapper.application; includeInIndex = 0; path = "34th-Sopt-Seminar.app"; sourceTree = BUILT_PRODUCTS_DIR; };
		AF2630162BB7D71200C9FB24 /* AppDelegate.swift */ = {isa = PBXFileReference; lastKnownFileType = sourcecode.swift; path = AppDelegate.swift; sourceTree = "<group>"; };
		AF2630182BB7D71200C9FB24 /* SceneDelegate.swift */ = {isa = PBXFileReference; lastKnownFileType = sourcecode.swift; path = SceneDelegate.swift; sourceTree = "<group>"; };
		AF26301D2BB7D71200C9FB24 /* Base */ = {isa = PBXFileReference; lastKnownFileType = file.storyboard; name = Base; path = Base.lproj/Main.storyboard; sourceTree = "<group>"; };
		AF26301F2BB7D71400C9FB24 /* Assets.xcassets */ = {isa = PBXFileReference; lastKnownFileType = folder.assetcatalog; path = Assets.xcassets; sourceTree = "<group>"; };
		AF2630222BB7D71400C9FB24 /* Base */ = {isa = PBXFileReference; lastKnownFileType = file.storyboard; name = Base; path = Base.lproj/LaunchScreen.storyboard; sourceTree = "<group>"; };
		AF2630242BB7D71400C9FB24 /* Info.plist */ = {isa = PBXFileReference; lastKnownFileType = text.plist.xml; path = Info.plist; sourceTree = "<group>"; };
		AF26302D2BB7E49000C9FB24 /* LoginViewController.swift */ = {isa = PBXFileReference; lastKnownFileType = sourcecode.swift; path = LoginViewController.swift; sourceTree = "<group>"; };
		AF26302F2BB7E92000C9FB24 /* WelcomeViewController.swift */ = {isa = PBXFileReference; lastKnownFileType = sourcecode.swift; path = WelcomeViewController.swift; sourceTree = "<group>"; };
/* End PBXFileReference section */

/* Begin PBXFrameworksBuildPhase section */
		AF2630102BB7D71200C9FB24 /* Frameworks */ = {
			isa = PBXFrameworksBuildPhase;
			buildActionMask = 2147483647;
			files = (
				AF10B30B2BC12578001AFDF7 /* SnapKit in Frameworks */,
				AF10B30D2BC12578001AFDF7 /* SnapKit-Dynamic in Frameworks */,
			);
			runOnlyForDeploymentPostprocessing = 0;
		};
/* End PBXFrameworksBuildPhase section */

/* Begin PBXGroup section */
		AF26300A2BB7D71200C9FB24 = {
			isa = PBXGroup;
			children = (
				AF2630152BB7D71200C9FB24 /* 34th-Sopt-Seminar */,
				AF2630142BB7D71200C9FB24 /* Products */,
			);
			sourceTree = "<group>";
		};
		AF2630142BB7D71200C9FB24 /* Products */ = {
			isa = PBXGroup;
			children = (
				AF2630132BB7D71200C9FB24 /* 34th-Sopt-Seminar.app */,
			);
			name = Products;
			sourceTree = "<group>";
		};
		AF2630152BB7D71200C9FB24 /* 34th-Sopt-Seminar */ = {
			isa = PBXGroup;
			children = (
				AF26302C2BB7E47A00C9FB24 /* ViewController */,
				AF2630162BB7D71200C9FB24 /* AppDelegate.swift */,
				AF2630182BB7D71200C9FB24 /* SceneDelegate.swift */,
				AF26301C2BB7D71200C9FB24 /* Main.storyboard */,
				AF26301F2BB7D71400C9FB24 /* Assets.xcassets */,
				AF2630212BB7D71400C9FB24 /* LaunchScreen.storyboard */,
				AF2630242BB7D71400C9FB24 /* Info.plist */,
			);
			path = "34th-Sopt-Seminar";
			sourceTree = "<group>";
		};
		AF26302C2BB7E47A00C9FB24 /* ViewController */ = {
			isa = PBXGroup;
			children = (
				AF26302D2BB7E49000C9FB24 /* LoginViewController.swift */,
				AF26302F2BB7E92000C9FB24 /* WelcomeViewController.swift */,
				AF10B3012BC1187D001AFDF7 /* LoginViewController_DelegatePattern.swift */,
				AF10B3032BC11889001AFDF7 /* WelcomeViewController_DelegatePattern.swift */,
				AF10B3052BC11AF0001AFDF7 /* LoginViewController_Closure.swift */,
				AF10B3072BC11AF8001AFDF7 /* WelcomeViewController_Closure.swift */,
				AF10B30E2BC1317D001AFDF7 /* ScrollViewPractice.swift */,
			);
			path = ViewController;
			sourceTree = "<group>";
		};
/* End PBXGroup section */

/* Begin PBXNativeTarget section */
		AF2630122BB7D71200C9FB24 /* 34th-Sopt-Seminar */ = {
			isa = PBXNativeTarget;
			buildConfigurationList = AF2630272BB7D71400C9FB24 /* Build configuration list for PBXNativeTarget "34th-Sopt-Seminar" */;
			buildPhases = (
				AF26300F2BB7D71200C9FB24 /* Sources */,
				AF2630102BB7D71200C9FB24 /* Frameworks */,
				AF2630112BB7D71200C9FB24 /* Resources */,
			);
			buildRules = (
			);
			dependencies = (
			);
			name = "34th-Sopt-Seminar";
			packageProductDependencies = (
				AF10B30A2BC12578001AFDF7 /* SnapKit */,
				AF10B30C2BC12578001AFDF7 /* SnapKit-Dynamic */,
			);
			productName = "34th-Sopt-Seminar";
			productReference = AF2630132BB7D71200C9FB24 /* 34th-Sopt-Seminar.app */;
			productType = "com.apple.product-type.application";
		};
/* End PBXNativeTarget section */

/* Begin PBXProject section */
		AF26300B2BB7D71200C9FB24 /* Project object */ = {
			isa = PBXProject;
			attributes = {
				BuildIndependentTargetsInParallel = 1;
				LastSwiftUpdateCheck = 1500;
				LastUpgradeCheck = 1500;
				TargetAttributes = {
					AF2630122BB7D71200C9FB24 = {
						CreatedOnToolsVersion = 15.0.1;
					};
				};
			};
			buildConfigurationList = AF26300E2BB7D71200C9FB24 /* Build configuration list for PBXProject "34th-Sopt-Seminar" */;
			compatibilityVersion = "Xcode 14.0";
			developmentRegion = en;
			hasScannedForEncodings = 0;
			knownRegions = (
				en,
				Base,
			);
			mainGroup = AF26300A2BB7D71200C9FB24;
			packageReferences = (
				AF10B3092BC12578001AFDF7 /* XCRemoteSwiftPackageReference "SnapKit" */,
			);
			productRefGroup = AF2630142BB7D71200C9FB24 /* Products */;
			projectDirPath = "";
			projectRoot = "";
			targets = (
				AF2630122BB7D71200C9FB24 /* 34th-Sopt-Seminar */,
			);
		};
/* End PBXProject section */

/* Begin PBXResourcesBuildPhase section */
		AF2630112BB7D71200C9FB24 /* Resources */ = {
			isa = PBXResourcesBuildPhase;
			buildActionMask = 2147483647;
			files = (
				AF2630232BB7D71400C9FB24 /* LaunchScreen.storyboard in Resources */,
				AF2630202BB7D71400C9FB24 /* Assets.xcassets in Resources */,
				AF26301E2BB7D71200C9FB24 /* Main.storyboard in Resources */,
			);
			runOnlyForDeploymentPostprocessing = 0;
		};
/* End PBXResourcesBuildPhase section */

/* Begin PBXSourcesBuildPhase section */
		AF26300F2BB7D71200C9FB24 /* Sources */ = {
			isa = PBXSourcesBuildPhase;
			buildActionMask = 2147483647;
			files = (
				AF10B3062BC11AF0001AFDF7 /* LoginViewController_Closure.swift in Sources */,
				AF26302E2BB7E49000C9FB24 /* LoginViewController.swift in Sources */,
<<<<<<< Updated upstream
=======
				AF7351B42BBCE11A0097A304 /* UITextField+.swift in Sources */,
				AF10B3042BC11889001AFDF7 /* WelcomeViewController_DelegatePattern.swift in Sources */,
				AF10B3022BC1187D001AFDF7 /* LoginViewController_DelegatePattern.swift in Sources */,
>>>>>>> Stashed changes
				AF2630302BB7E92000C9FB24 /* WelcomeViewController.swift in Sources */,
				AF2630172BB7D71200C9FB24 /* AppDelegate.swift in Sources */,
				AF10B3082BC11AF8001AFDF7 /* WelcomeViewController_Closure.swift in Sources */,
				AF10B30F2BC1317D001AFDF7 /* ScrollViewPractice.swift in Sources */,
				AF2630192BB7D71200C9FB24 /* SceneDelegate.swift in Sources */,
			);
			runOnlyForDeploymentPostprocessing = 0;
		};
/* End PBXSourcesBuildPhase section */

/* Begin PBXVariantGroup section */
		AF26301C2BB7D71200C9FB24 /* Main.storyboard */ = {
			isa = PBXVariantGroup;
			children = (
				AF26301D2BB7D71200C9FB24 /* Base */,
			);
			name = Main.storyboard;
			sourceTree = "<group>";
		};
		AF2630212BB7D71400C9FB24 /* LaunchScreen.storyboard */ = {
			isa = PBXVariantGroup;
			children = (
				AF2630222BB7D71400C9FB24 /* Base */,
			);
			name = LaunchScreen.storyboard;
			sourceTree = "<group>";
		};
/* End PBXVariantGroup section */

/* Begin XCBuildConfiguration section */
		AF2630252BB7D71400C9FB24 /* Debug */ = {
			isa = XCBuildConfiguration;
			buildSettings = {
				ALWAYS_SEARCH_USER_PATHS = NO;
				ASSETCATALOG_COMPILER_GENERATE_SWIFT_ASSET_SYMBOL_EXTENSIONS = YES;
				CLANG_ANALYZER_NONNULL = YES;
				CLANG_ANALYZER_NUMBER_OBJECT_CONVERSION = YES_AGGRESSIVE;
				CLANG_CXX_LANGUAGE_STANDARD = "gnu++20";
				CLANG_ENABLE_MODULES = YES;
				CLANG_ENABLE_OBJC_ARC = YES;
				CLANG_ENABLE_OBJC_WEAK = YES;
				CLANG_WARN_BLOCK_CAPTURE_AUTORELEASING = YES;
				CLANG_WARN_BOOL_CONVERSION = YES;
				CLANG_WARN_COMMA = YES;
				CLANG_WARN_CONSTANT_CONVERSION = YES;
				CLANG_WARN_DEPRECATED_OBJC_IMPLEMENTATIONS = YES;
				CLANG_WARN_DIRECT_OBJC_ISA_USAGE = YES_ERROR;
				CLANG_WARN_DOCUMENTATION_COMMENTS = YES;
				CLANG_WARN_EMPTY_BODY = YES;
				CLANG_WARN_ENUM_CONVERSION = YES;
				CLANG_WARN_INFINITE_RECURSION = YES;
				CLANG_WARN_INT_CONVERSION = YES;
				CLANG_WARN_NON_LITERAL_NULL_CONVERSION = YES;
				CLANG_WARN_OBJC_IMPLICIT_RETAIN_SELF = YES;
				CLANG_WARN_OBJC_LITERAL_CONVERSION = YES;
				CLANG_WARN_OBJC_ROOT_CLASS = YES_ERROR;
				CLANG_WARN_QUOTED_INCLUDE_IN_FRAMEWORK_HEADER = YES;
				CLANG_WARN_RANGE_LOOP_ANALYSIS = YES;
				CLANG_WARN_STRICT_PROTOTYPES = YES;
				CLANG_WARN_SUSPICIOUS_MOVE = YES;
				CLANG_WARN_UNGUARDED_AVAILABILITY = YES_AGGRESSIVE;
				CLANG_WARN_UNREACHABLE_CODE = YES;
				CLANG_WARN__DUPLICATE_METHOD_MATCH = YES;
				COPY_PHASE_STRIP = NO;
				DEBUG_INFORMATION_FORMAT = dwarf;
				ENABLE_STRICT_OBJC_MSGSEND = YES;
				ENABLE_TESTABILITY = YES;
				ENABLE_USER_SCRIPT_SANDBOXING = YES;
				GCC_C_LANGUAGE_STANDARD = gnu17;
				GCC_DYNAMIC_NO_PIC = NO;
				GCC_NO_COMMON_BLOCKS = YES;
				GCC_OPTIMIZATION_LEVEL = 0;
				GCC_PREPROCESSOR_DEFINITIONS = (
					"DEBUG=1",
					"$(inherited)",
				);
				GCC_WARN_64_TO_32_BIT_CONVERSION = YES;
				GCC_WARN_ABOUT_RETURN_TYPE = YES_ERROR;
				GCC_WARN_UNDECLARED_SELECTOR = YES;
				GCC_WARN_UNINITIALIZED_AUTOS = YES_AGGRESSIVE;
				GCC_WARN_UNUSED_FUNCTION = YES;
				GCC_WARN_UNUSED_VARIABLE = YES;
				IPHONEOS_DEPLOYMENT_TARGET = 17.0;
				LOCALIZATION_PREFERS_STRING_CATALOGS = YES;
				MTL_ENABLE_DEBUG_INFO = INCLUDE_SOURCE;
				MTL_FAST_MATH = YES;
				ONLY_ACTIVE_ARCH = YES;
				SDKROOT = iphoneos;
				SWIFT_ACTIVE_COMPILATION_CONDITIONS = "DEBUG $(inherited)";
				SWIFT_OPTIMIZATION_LEVEL = "-Onone";
			};
			name = Debug;
		};
		AF2630262BB7D71400C9FB24 /* Release */ = {
			isa = XCBuildConfiguration;
			buildSettings = {
				ALWAYS_SEARCH_USER_PATHS = NO;
				ASSETCATALOG_COMPILER_GENERATE_SWIFT_ASSET_SYMBOL_EXTENSIONS = YES;
				CLANG_ANALYZER_NONNULL = YES;
				CLANG_ANALYZER_NUMBER_OBJECT_CONVERSION = YES_AGGRESSIVE;
				CLANG_CXX_LANGUAGE_STANDARD = "gnu++20";
				CLANG_ENABLE_MODULES = YES;
				CLANG_ENABLE_OBJC_ARC = YES;
				CLANG_ENABLE_OBJC_WEAK = YES;
				CLANG_WARN_BLOCK_CAPTURE_AUTORELEASING = YES;
				CLANG_WARN_BOOL_CONVERSION = YES;
				CLANG_WARN_COMMA = YES;
				CLANG_WARN_CONSTANT_CONVERSION = YES;
				CLANG_WARN_DEPRECATED_OBJC_IMPLEMENTATIONS = YES;
				CLANG_WARN_DIRECT_OBJC_ISA_USAGE = YES_ERROR;
				CLANG_WARN_DOCUMENTATION_COMMENTS = YES;
				CLANG_WARN_EMPTY_BODY = YES;
				CLANG_WARN_ENUM_CONVERSION = YES;
				CLANG_WARN_INFINITE_RECURSION = YES;
				CLANG_WARN_INT_CONVERSION = YES;
				CLANG_WARN_NON_LITERAL_NULL_CONVERSION = YES;
				CLANG_WARN_OBJC_IMPLICIT_RETAIN_SELF = YES;
				CLANG_WARN_OBJC_LITERAL_CONVERSION = YES;
				CLANG_WARN_OBJC_ROOT_CLASS = YES_ERROR;
				CLANG_WARN_QUOTED_INCLUDE_IN_FRAMEWORK_HEADER = YES;
				CLANG_WARN_RANGE_LOOP_ANALYSIS = YES;
				CLANG_WARN_STRICT_PROTOTYPES = YES;
				CLANG_WARN_SUSPICIOUS_MOVE = YES;
				CLANG_WARN_UNGUARDED_AVAILABILITY = YES_AGGRESSIVE;
				CLANG_WARN_UNREACHABLE_CODE = YES;
				CLANG_WARN__DUPLICATE_METHOD_MATCH = YES;
				COPY_PHASE_STRIP = NO;
				DEBUG_INFORMATION_FORMAT = "dwarf-with-dsym";
				ENABLE_NS_ASSERTIONS = NO;
				ENABLE_STRICT_OBJC_MSGSEND = YES;
				ENABLE_USER_SCRIPT_SANDBOXING = YES;
				GCC_C_LANGUAGE_STANDARD = gnu17;
				GCC_NO_COMMON_BLOCKS = YES;
				GCC_WARN_64_TO_32_BIT_CONVERSION = YES;
				GCC_WARN_ABOUT_RETURN_TYPE = YES_ERROR;
				GCC_WARN_UNDECLARED_SELECTOR = YES;
				GCC_WARN_UNINITIALIZED_AUTOS = YES_AGGRESSIVE;
				GCC_WARN_UNUSED_FUNCTION = YES;
				GCC_WARN_UNUSED_VARIABLE = YES;
				IPHONEOS_DEPLOYMENT_TARGET = 17.0;
				LOCALIZATION_PREFERS_STRING_CATALOGS = YES;
				MTL_ENABLE_DEBUG_INFO = NO;
				MTL_FAST_MATH = YES;
				SDKROOT = iphoneos;
				SWIFT_COMPILATION_MODE = wholemodule;
				VALIDATE_PRODUCT = YES;
			};
			name = Release;
		};
		AF2630282BB7D71400C9FB24 /* Debug */ = {
			isa = XCBuildConfiguration;
			buildSettings = {
				ASSETCATALOG_COMPILER_APPICON_NAME = AppIcon;
				ASSETCATALOG_COMPILER_GLOBAL_ACCENT_COLOR_NAME = AccentColor;
				CODE_SIGN_STYLE = Automatic;
				CURRENT_PROJECT_VERSION = 1;
				DEVELOPMENT_TEAM = 8R3N359429;
				GENERATE_INFOPLIST_FILE = YES;
				INFOPLIST_FILE = "34th-Sopt-Seminar/Info.plist";
				INFOPLIST_KEY_UIApplicationSupportsIndirectInputEvents = YES;
				INFOPLIST_KEY_UILaunchStoryboardName = LaunchScreen;
				INFOPLIST_KEY_UIMainStoryboardFile = Main;
				INFOPLIST_KEY_UISupportedInterfaceOrientations_iPad = "UIInterfaceOrientationPortrait UIInterfaceOrientationPortraitUpsideDown UIInterfaceOrientationLandscapeLeft UIInterfaceOrientationLandscapeRight";
				INFOPLIST_KEY_UISupportedInterfaceOrientations_iPhone = "UIInterfaceOrientationPortrait UIInterfaceOrientationLandscapeLeft UIInterfaceOrientationLandscapeRight";
				LD_RUNPATH_SEARCH_PATHS = (
					"$(inherited)",
					"@executable_path/Frameworks",
				);
				MARKETING_VERSION = 1.0;
				PRODUCT_BUNDLE_IDENTIFIER = "com.kozi.-4th-Sopt-Seminar";
				PRODUCT_NAME = "$(TARGET_NAME)";
				SWIFT_EMIT_LOC_STRINGS = YES;
				SWIFT_VERSION = 5.0;
				TARGETED_DEVICE_FAMILY = "1,2";
			};
			name = Debug;
		};
		AF2630292BB7D71400C9FB24 /* Release */ = {
			isa = XCBuildConfiguration;
			buildSettings = {
				ASSETCATALOG_COMPILER_APPICON_NAME = AppIcon;
				ASSETCATALOG_COMPILER_GLOBAL_ACCENT_COLOR_NAME = AccentColor;
				CODE_SIGN_STYLE = Automatic;
				CURRENT_PROJECT_VERSION = 1;
				DEVELOPMENT_TEAM = 8R3N359429;
				GENERATE_INFOPLIST_FILE = YES;
				INFOPLIST_FILE = "34th-Sopt-Seminar/Info.plist";
				INFOPLIST_KEY_UIApplicationSupportsIndirectInputEvents = YES;
				INFOPLIST_KEY_UILaunchStoryboardName = LaunchScreen;
				INFOPLIST_KEY_UIMainStoryboardFile = Main;
				INFOPLIST_KEY_UISupportedInterfaceOrientations_iPad = "UIInterfaceOrientationPortrait UIInterfaceOrientationPortraitUpsideDown UIInterfaceOrientationLandscapeLeft UIInterfaceOrientationLandscapeRight";
				INFOPLIST_KEY_UISupportedInterfaceOrientations_iPhone = "UIInterfaceOrientationPortrait UIInterfaceOrientationLandscapeLeft UIInterfaceOrientationLandscapeRight";
				LD_RUNPATH_SEARCH_PATHS = (
					"$(inherited)",
					"@executable_path/Frameworks",
				);
				MARKETING_VERSION = 1.0;
				PRODUCT_BUNDLE_IDENTIFIER = "com.kozi.-4th-Sopt-Seminar";
				PRODUCT_NAME = "$(TARGET_NAME)";
				SWIFT_EMIT_LOC_STRINGS = YES;
				SWIFT_VERSION = 5.0;
				TARGETED_DEVICE_FAMILY = "1,2";
			};
			name = Release;
		};
/* End XCBuildConfiguration section */

/* Begin XCConfigurationList section */
		AF26300E2BB7D71200C9FB24 /* Build configuration list for PBXProject "34th-Sopt-Seminar" */ = {
			isa = XCConfigurationList;
			buildConfigurations = (
				AF2630252BB7D71400C9FB24 /* Debug */,
				AF2630262BB7D71400C9FB24 /* Release */,
			);
			defaultConfigurationIsVisible = 0;
			defaultConfigurationName = Release;
		};
		AF2630272BB7D71400C9FB24 /* Build configuration list for PBXNativeTarget "34th-Sopt-Seminar" */ = {
			isa = XCConfigurationList;
			buildConfigurations = (
				AF2630282BB7D71400C9FB24 /* Debug */,
				AF2630292BB7D71400C9FB24 /* Release */,
			);
			defaultConfigurationIsVisible = 0;
			defaultConfigurationName = Release;
		};
/* End XCConfigurationList section */

/* Begin XCRemoteSwiftPackageReference section */
		AF10B3092BC12578001AFDF7 /* XCRemoteSwiftPackageReference "SnapKit" */ = {
			isa = XCRemoteSwiftPackageReference;
			repositoryURL = "https://github.com/SnapKit/SnapKit.git";
			requirement = {
				kind = upToNextMajorVersion;
				minimumVersion = 5.7.1;
			};
		};
/* End XCRemoteSwiftPackageReference section */

/* Begin XCSwiftPackageProductDependency section */
		AF10B30A2BC12578001AFDF7 /* SnapKit */ = {
			isa = XCSwiftPackageProductDependency;
			package = AF10B3092BC12578001AFDF7 /* XCRemoteSwiftPackageReference "SnapKit" */;
			productName = SnapKit;
		};
		AF10B30C2BC12578001AFDF7 /* SnapKit-Dynamic */ = {
			isa = XCSwiftPackageProductDependency;
			package = AF10B3092BC12578001AFDF7 /* XCRemoteSwiftPackageReference "SnapKit" */;
			productName = "SnapKit-Dynamic";
		};
/* End XCSwiftPackageProductDependency section */
	};
	rootObject = AF26300B2BB7D71200C9FB24 /* Project object */;
}
